
Microsoft Visual Studio Solution File, Format Version 12.00
# Visual Studio Version 16
VisualStudioVersion = 16.0.29509.3
MinimumVisualStudioVersion = 10.0.40219.1
Project("{FAE04EC0-301F-11D3-BF4B-00C04F79EFBC}") = "Blockchain1", "Blockchain1.csproj", "{954830A8-6D52-4F85-97E4-DD4C860B118D}"
EndProject
Global
	GlobalSection(SolutionConfigurationPlatforms) = preSolution
		Debug|Any CPU = Debug|Any CPU
		Release|Any CPU = Release|Any CPU
	EndGlobalSection
	GlobalSection(ProjectConfigurationPlatforms) = postSolution
		{954830A8-6D52-4F85-97E4-DD4C860B118D}.Debug|Any CPU.ActiveCfg = Debug|Any CPU
		{954830A8-6D52-4F85-97E4-DD4C860B118D}.Debug|Any CPU.Build.0 = Debug|Any CPU
		{954830A8-6D52-4F85-97E4-DD4C860B118D}.Release|Any CPU.ActiveCfg = Release|Any CPU
		{954830A8-6D52-4F85-97E4-DD4C860B118D}.Release|Any CPU.Build.0 = Release|Any CPU
	EndGlobalSection
	GlobalSection(SolutionProperties) = preSolution
		HideSolutionNode = FALSE
	EndGlobalSection
	GlobalSection(ExtensibilityGlobals) = postSolution
		SolutionGuid = {BA7FFA5E-D6C3-4A0C-9E7E-C0BDD94FE4D3}
	EndGlobalSection
EndGlobal
